
Microsoft Visual Studio Solution File, Format Version 12.00
# Visual Studio Version 16
VisualStudioVersion = 16.0.30711.63
MinimumVisualStudioVersion = 10.0.40219.1
Project("{FAE04EC0-301F-11D3-BF4B-00C04F79EFBC}") = "EFCoreExtensions", "EFCoreExtensions\EFCoreExtensions.csproj", "{2C937922-5A74-4847-9E44-DF0612A46412}"
EndProject
Global
	GlobalSection(SolutionConfigurationPlatforms) = preSolution
		Debug|Any CPU = Debug|Any CPU
		Release|Any CPU = Release|Any CPU
	EndGlobalSection
	GlobalSection(ProjectConfigurationPlatforms) = postSolution
		{2C937922-5A74-4847-9E44-DF0612A46412}.Debug|Any CPU.ActiveCfg = Debug|Any CPU
		{2C937922-5A74-4847-9E44-DF0612A46412}.Debug|Any CPU.Build.0 = Debug|Any CPU
		{2C937922-5A74-4847-9E44-DF0612A46412}.Release|Any CPU.ActiveCfg = Release|Any CPU
		{2C937922-5A74-4847-9E44-DF0612A46412}.Release|Any CPU.Build.0 = Release|Any CPU
	EndGlobalSection
	GlobalSection(SolutionProperties) = preSolution
		HideSolutionNode = FALSE
	EndGlobalSection
	GlobalSection(ExtensibilityGlobals) = postSolution
		SolutionGuid = {22463C27-6B15-4578-BBFC-1F7189E5B941}
	EndGlobalSection
EndGlobal
